{
  "name": "agk-soundsource",
  "version": "0.0.0",
  "lockfileVersion": 1,
  "requires": true,
  "dependencies": {
    "agk-soundobject": {
      "version": "0.0.0",
      "resolved": "https://registry.npmjs.org/agk-soundobject/-/agk-soundobject-0.0.0.tgz",
      "integrity": "sha512-C9WxsqZyaABsPoM82N56LOeSZITjp8TSD4qnVdhDmdeIFO1IEZ0DID9K+fgXdpuAoQIrhkNIi9JzJG/7veaDQg==",
      "requires": {
        "howler": "2.0.9"
      }
    },
    "howler": {
      "version": "2.0.9",
      "resolved": "https://registry.npmjs.org/howler/-/howler-2.0.9.tgz",
      "integrity": "sha512-nBCs3ICTvlgjGYpyl1Xmiz6h9uMo07BRngund64Gm+4yD1MUTV/JAETDR9aPwg29OLh+lnY7M5dLDDlCriKgPw=="
    }
  }
}
